
Microsoft Visual Studio Solution File, Format Version 12.00
# Visual Studio Version 17
VisualStudioVersion = 17.14.36109.1
MinimumVisualStudioVersion = 10.0.40219.1
Project("{FAE04EC0-301F-11D3-BF4B-00C04F79EFBC}") = "Boxd.Api", "Boxd.Api.csproj", "{4E55E300-28CB-40D1-819E-325683A76B87}"
EndProject
Project("{FAE04EC0-301F-11D3-BF4B-00C04F79EFBC}") = "Boxd.Api.Tests", "..\..\tests\Boxd.Api.Tests\Boxd.Api.Tests.csproj", "{4C65AEFF-CC19-4EBB-A73B-30B7AE42F873}"
EndProject
Global
	GlobalSection(SolutionConfigurationPlatforms) = preSolution
		Debug|Any CPU = Debug|Any CPU
		Debug|x64 = Debug|x64
		Debug|x86 = Debug|x86
		Release|Any CPU = Release|Any CPU
		Release|x64 = Release|x64
		Release|x86 = Release|x86
	EndGlobalSection
	GlobalSection(ProjectConfigurationPlatforms) = postSolution
		{4E55E300-28CB-40D1-819E-325683A76B87}.Debug|Any CPU.ActiveCfg = Debug|Any CPU
		{4E55E300-28CB-40D1-819E-325683A76B87}.Debug|Any CPU.Build.0 = Debug|Any CPU
		{4E55E300-28CB-40D1-819E-325683A76B87}.Debug|x64.ActiveCfg = Debug|Any CPU
		{4E55E300-28CB-40D1-819E-325683A76B87}.Debug|x64.Build.0 = Debug|Any CPU
		{4E55E300-28CB-40D1-819E-325683A76B87}.Debug|x86.ActiveCfg = Debug|Any CPU
		{4E55E300-28CB-40D1-819E-325683A76B87}.Debug|x86.Build.0 = Debug|Any CPU
		{4E55E300-28CB-40D1-819E-325683A76B87}.Release|Any CPU.ActiveCfg = Release|Any CPU
		{4E55E300-28CB-40D1-819E-325683A76B87}.Release|Any CPU.Build.0 = Release|Any CPU
		{4E55E300-28CB-40D1-819E-325683A76B87}.Release|x64.ActiveCfg = Release|Any CPU
		{4E55E300-28CB-40D1-819E-325683A76B87}.Release|x64.Build.0 = Release|Any CPU
		{4E55E300-28CB-40D1-819E-325683A76B87}.Release|x86.ActiveCfg = Release|Any CPU
		{4E55E300-28CB-40D1-819E-325683A76B87}.Release|x86.Build.0 = Release|Any CPU
		{4C65AEFF-CC19-4EBB-A73B-30B7AE42F873}.Debug|Any CPU.ActiveCfg = Debug|Any CPU
		{4C65AEFF-CC19-4EBB-A73B-30B7AE42F873}.Debug|Any CPU.Build.0 = Debug|Any CPU
		{4C65AEFF-CC19-4EBB-A73B-30B7AE42F873}.Debug|x64.ActiveCfg = Debug|Any CPU
		{4C65AEFF-CC19-4EBB-A73B-30B7AE42F873}.Debug|x64.Build.0 = Debug|Any CPU
		{4C65AEFF-CC19-4EBB-A73B-30B7AE42F873}.Debug|x86.ActiveCfg = Debug|Any CPU
		{4C65AEFF-CC19-4EBB-A73B-30B7AE42F873}.Debug|x86.Build.0 = Debug|Any CPU
		{4C65AEFF-CC19-4EBB-A73B-30B7AE42F873}.Release|Any CPU.ActiveCfg = Release|Any CPU
		{4C65AEFF-CC19-4EBB-A73B-30B7AE42F873}.Release|Any CPU.Build.0 = Release|Any CPU
		{4C65AEFF-CC19-4EBB-A73B-30B7AE42F873}.Release|x64.ActiveCfg = Release|Any CPU
		{4C65AEFF-CC19-4EBB-A73B-30B7AE42F873}.Release|x64.Build.0 = Release|Any CPU
		{4C65AEFF-CC19-4EBB-A73B-30B7AE42F873}.Release|x86.ActiveCfg = Release|Any CPU
		{4C65AEFF-CC19-4EBB-A73B-30B7AE42F873}.Release|x86.Build.0 = Release|Any CPU
	EndGlobalSection
	GlobalSection(SolutionProperties) = preSolution
		HideSolutionNode = FALSE
	EndGlobalSection
	GlobalSection(ExtensibilityGlobals) = postSolution
		SolutionGuid = {EF2EC2BA-F1E2-442A-BEEE-3C938DA155F7}
	EndGlobalSection
EndGlobal
